
Microsoft Visual Studio Solution File, Format Version 12.00
# Visual Studio Version 17
VisualStudioVersion = 17.4.33103.184
MinimumVisualStudioVersion = 10.0.40219.1
Project("{8BC9CEB8-8B4A-11D0-8D11-00A0C91BC942}") = "лаба 2 програмування", "лаба 2 програмування\лаба 2 програмування.vcxproj", "{0D0FD1CC-8122-4B16-8656-5F982D0E9292}"
EndProject
Global
	GlobalSection(SolutionConfigurationPlatforms) = preSolution
		Debug|x64 = Debug|x64
		Debug|x86 = Debug|x86
		Release|x64 = Release|x64
		Release|x86 = Release|x86
	EndGlobalSection
	GlobalSection(ProjectConfigurationPlatforms) = postSolution
		{0D0FD1CC-8122-4B16-8656-5F982D0E9292}.Debug|x64.ActiveCfg = Debug|x64
		{0D0FD1CC-8122-4B16-8656-5F982D0E9292}.Debug|x64.Build.0 = Debug|x64
		{0D0FD1CC-8122-4B16-8656-5F982D0E9292}.Debug|x86.ActiveCfg = Debug|Win32
		{0D0FD1CC-8122-4B16-8656-5F982D0E9292}.Debug|x86.Build.0 = Debug|Win32
		{0D0FD1CC-8122-4B16-8656-5F982D0E9292}.Release|x64.ActiveCfg = Release|x64
		{0D0FD1CC-8122-4B16-8656-5F982D0E9292}.Release|x64.Build.0 = Release|x64
		{0D0FD1CC-8122-4B16-8656-5F982D0E9292}.Release|x86.ActiveCfg = Release|Win32
		{0D0FD1CC-8122-4B16-8656-5F982D0E9292}.Release|x86.Build.0 = Release|Win32
	EndGlobalSection
	GlobalSection(SolutionProperties) = preSolution
		HideSolutionNode = FALSE
	EndGlobalSection
	GlobalSection(ExtensibilityGlobals) = postSolution
		SolutionGuid = {61F9496D-59F0-4523-922F-377DAAAE265C}
	EndGlobalSection
EndGlobal
